
Microsoft Visual Studio Solution File, Format Version 12.00
# Visual Studio Version 17
VisualStudioVersion = 17.11.35327.3
MinimumVisualStudioVersion = 10.0.40219.1
Project("{9A19103F-16F7-4668-BE54-9A1E7A4F7556}") = "Technico", "Technico\Technico.csproj", "{877FAD73-5541-45C0-A1C3-586C7B9EC50B}"
EndProject
Project("{FAE04EC0-301F-11D3-BF4B-00C04F79EFBC}") = "TechnicoAPI", "TechnicoAPI\TechnicoAPI.csproj", "{512B8EDB-E601-44F0-8F15-487989967E49}"
EndProject
Global
	GlobalSection(SolutionConfigurationPlatforms) = preSolution
		Debug|Any CPU = Debug|Any CPU
		Release|Any CPU = Release|Any CPU
	EndGlobalSection
	GlobalSection(ProjectConfigurationPlatforms) = postSolution
		{877FAD73-5541-45C0-A1C3-586C7B9EC50B}.Debug|Any CPU.ActiveCfg = Debug|Any CPU
		{877FAD73-5541-45C0-A1C3-586C7B9EC50B}.Debug|Any CPU.Build.0 = Debug|Any CPU
		{877FAD73-5541-45C0-A1C3-586C7B9EC50B}.Release|Any CPU.ActiveCfg = Release|Any CPU
		{877FAD73-5541-45C0-A1C3-586C7B9EC50B}.Release|Any CPU.Build.0 = Release|Any CPU
		{512B8EDB-E601-44F0-8F15-487989967E49}.Debug|Any CPU.ActiveCfg = Debug|Any CPU
		{512B8EDB-E601-44F0-8F15-487989967E49}.Debug|Any CPU.Build.0 = Debug|Any CPU
		{512B8EDB-E601-44F0-8F15-487989967E49}.Release|Any CPU.ActiveCfg = Release|Any CPU
		{512B8EDB-E601-44F0-8F15-487989967E49}.Release|Any CPU.Build.0 = Release|Any CPU
	EndGlobalSection
	GlobalSection(SolutionProperties) = preSolution
		HideSolutionNode = FALSE
	EndGlobalSection
	GlobalSection(ExtensibilityGlobals) = postSolution
		SolutionGuid = {0143999E-80A1-4930-84AB-E494C06323AE}
	EndGlobalSection
EndGlobal
